
Microsoft Visual Studio Solution File, Format Version 12.00
# Visual Studio Version 16
VisualStudioVersion = 16.0.31702.278
MinimumVisualStudioVersion = 10.0.40219.1
Project("{8BC9CEB8-8B4A-11D0-8D11-00A0C91BC942}") = "Card Security system", "Card Security system.vcxproj", "{17D16B2B-2EA9-43C6-9E0B-9161D8B6F446}"
EndProject
Global
	GlobalSection(SolutionConfigurationPlatforms) = preSolution
		Debug|x64 = Debug|x64
		Debug|x86 = Debug|x86
		Release|x64 = Release|x64
		Release|x86 = Release|x86
	EndGlobalSection
	GlobalSection(ProjectConfigurationPlatforms) = postSolution
		{17D16B2B-2EA9-43C6-9E0B-9161D8B6F446}.Debug|x64.ActiveCfg = Debug|x64
		{17D16B2B-2EA9-43C6-9E0B-9161D8B6F446}.Debug|x64.Build.0 = Debug|x64
		{17D16B2B-2EA9-43C6-9E0B-9161D8B6F446}.Debug|x86.ActiveCfg = Debug|Win32
		{17D16B2B-2EA9-43C6-9E0B-9161D8B6F446}.Debug|x86.Build.0 = Debug|Win32
		{17D16B2B-2EA9-43C6-9E0B-9161D8B6F446}.Release|x64.ActiveCfg = Release|x64
		{17D16B2B-2EA9-43C6-9E0B-9161D8B6F446}.Release|x64.Build.0 = Release|x64
		{17D16B2B-2EA9-43C6-9E0B-9161D8B6F446}.Release|x86.ActiveCfg = Release|Win32
		{17D16B2B-2EA9-43C6-9E0B-9161D8B6F446}.Release|x86.Build.0 = Release|Win32
	EndGlobalSection
	GlobalSection(SolutionProperties) = preSolution
		HideSolutionNode = FALSE
	EndGlobalSection
	GlobalSection(ExtensibilityGlobals) = postSolution
		SolutionGuid = {D3F3F2D4-6001-48B2-9334-EE29E709B2AD}
	EndGlobalSection
EndGlobal
